# THIS IS AN AUTOGENERATED FILE. DO NOT EDIT THIS FILE DIRECTLY.
# yarn lockfile v1


bs-platform@9:
  version "9.0.1"
  resolved "https://registry.yarnpkg.com/bs-platform/-/bs-platform-9.0.1.tgz#069dae007aadb400963cec25c8349ea1f3f6cae0"
  integrity sha512-RxUrwxVBCx9AiiyFIthZwfPn+tAn9noRHCb9xJK4Uw2deGxIytqyoWDepMbH35v7EpxX0OhfXL5RrjHTaXersA==

decco@^1.3.0:
  version "1.3.0"
  resolved "https://registry.yarnpkg.com/decco/-/decco-1.3.0.tgz#25a130a4638fcf2088f713fe871e58308604c0cb"
  integrity sha512-pednHg+Skby+sw193hbHTRLihZskmXrPsVMlqL9XpuLm+HfwMgS76lFRAkTGAi3435q0TBygTpt8McVTyk4Sfw==
